
Microsoft Visual Studio Solution File, Format Version 12.00
# Visual Studio Version 16
VisualStudioVersion = 16.0.31005.135
MinimumVisualStudioVersion = 10.0.40219.1
Project("{FAE04EC0-301F-11D3-BF4B-00C04F79EFBC}") = "DIO.Bank", "DIO.Bank.csproj", "{F15B26F8-1288-441E-B650-F5797373C0DC}"
EndProject
Global
	GlobalSection(SolutionConfigurationPlatforms) = preSolution
		Debug|Any CPU = Debug|Any CPU
		Release|Any CPU = Release|Any CPU
	EndGlobalSection
	GlobalSection(ProjectConfigurationPlatforms) = postSolution
		{F15B26F8-1288-441E-B650-F5797373C0DC}.Debug|Any CPU.ActiveCfg = Debug|Any CPU
		{F15B26F8-1288-441E-B650-F5797373C0DC}.Debug|Any CPU.Build.0 = Debug|Any CPU
		{F15B26F8-1288-441E-B650-F5797373C0DC}.Release|Any CPU.ActiveCfg = Release|Any CPU
		{F15B26F8-1288-441E-B650-F5797373C0DC}.Release|Any CPU.Build.0 = Release|Any CPU
	EndGlobalSection
	GlobalSection(SolutionProperties) = preSolution
		HideSolutionNode = FALSE
	EndGlobalSection
	GlobalSection(ExtensibilityGlobals) = postSolution
		SolutionGuid = {9CE94D4D-A92A-4712-9DE7-156D103B9CD1}
	EndGlobalSection
EndGlobal
